
Microsoft Visual Studio Solution File, Format Version 12.00
# Visual Studio Version 16
VisualStudioVersion = 16.0.29926.136
MinimumVisualStudioVersion = 10.0.40219.1
Project("{9A19103F-16F7-4668-BE54-9A1E7A4F7556}") = "SecondhandStore", "SecondhandStore.csproj", "{0BB3325E-0B96-4E92-A62E-F6CEA04761B6}"
EndProject
Global
	GlobalSection(SolutionConfigurationPlatforms) = preSolution
		Debug|Any CPU = Debug|Any CPU
		Release|Any CPU = Release|Any CPU
	EndGlobalSection
	GlobalSection(ProjectConfigurationPlatforms) = postSolution
		{0BB3325E-0B96-4E92-A62E-F6CEA04761B6}.Debug|Any CPU.ActiveCfg = Debug|Any CPU
		{0BB3325E-0B96-4E92-A62E-F6CEA04761B6}.Debug|Any CPU.Build.0 = Debug|Any CPU
		{0BB3325E-0B96-4E92-A62E-F6CEA04761B6}.Release|Any CPU.ActiveCfg = Release|Any CPU
		{0BB3325E-0B96-4E92-A62E-F6CEA04761B6}.Release|Any CPU.Build.0 = Release|Any CPU
	EndGlobalSection
	GlobalSection(SolutionProperties) = preSolution
		HideSolutionNode = FALSE
	EndGlobalSection
	GlobalSection(ExtensibilityGlobals) = postSolution
		SolutionGuid = {6BC93642-ABC1-4523-9425-32FA9E24EC65}
	EndGlobalSection
EndGlobal
